{
    "_meta": {
        "hash": {
            "sha256": "e87568e0f158e6b9de176c89f890975ab1bfdd1e7b3b6fd594d49bdb00b49e95"
        },
        "pipfile-spec": 6,
        "requires": {
            "python_version": "3.11"
        },
        "sources": [
            {
                "name": "pypi",
                "url": "https://pypi.org/simple",
                "verify_ssl": true
            }
        ]
    },
    "default": {
        "asyncpg": {
            "hashes": [
                "sha256:16ba8ec2e85d586b4a12bcd03e8d29e3d99e832764d6a1d0b8c27dbbe4a2569d",
                "sha256:18f77e8e71e826ba2d0c3ba6764930776719ae2b225ca07e014590545928b576",
                "sha256:1b6499de06fe035cf2fa932ec5617ed3f37d4ebbf663b655922e105a484a6af9",
                "sha256:20b596d8d074f6f695c13ffb8646d0b6bb1ab570ba7b0cfd349b921ff03cfc1e",
                "sha256:2232ebae9796d4600a7819fc383da78ab51b32a092795f4555575fc934c1c89d",
                "sha256:4750f5cf49ed48a6e49c6e5aed390eee367694636c2dcfaf4a273ca832c5c43c",
                "sha256:4bb366ae34af5b5cabc3ac6a5347dfb6013af38c68af8452f27968d49085ecc0",
                "sha256:5710cb0937f696ce303f5eed6d272e3f057339bb4139378ccecafa9ee923a71c",
                "sha256:609054a1f47292a905582a1cfcca51a6f3f30ab9d822448693e66fdddde27920",
                "sha256:62932f29cf2433988fcd799770ec64b374a3691e7902ecf85da14d5e0854d1ea",
                "sha256:69aa1b443a182b13a17ff926ed6627af2d98f62f2fe5890583270cc4073f63bf",
                "sha256:71cca80a056ebe19ec74b7117b09e650990c3ca535ac1c35234a96f65604192f",
                "sha256:720986d9a4705dd8a40fdf172036f5ae787225036a7eb46e704c45aa8f62c054",
                "sha256:768e0e7c2898d40b16d4ef7a0b44e8150db3dd8995b4652aa1fe2902e92c7df8",
                "sha256:7a6206210c869ebd3f4eb9e89bea132aefb56ff3d1b7dd7e26b102b17e27bbb1",
                "sha256:7d8585707ecc6661d07367d444bbaa846b4e095d84451340da8df55a3757e152",
                "sha256:8113e17cfe236dc2277ec844ba9b3d5312f61bd2fdae6d3ed1c1cdd75f6cf2d8",
                "sha256:879c29a75969eb2722f94443752f4720d560d1e748474de54ae8dd230bc4956b",
                "sha256:88b62164738239f62f4af92567b846a8ef7cf8abf53eddd83650603de4d52163",
                "sha256:8934577e1ed13f7d2d9cea3cc016cc6f95c19faedea2c2b56a6f94f257cea672",
                "sha256:9654085f2b22f66952124de13a8071b54453ff972c25c59b5ce1173a4283ffd9",
                "sha256:975a320baf7020339a67315284a4d3bf7460e664e484672bd3e71dbd881bc692",
                "sha256:9a3a4ff43702d39e3c97a8786314123d314e0f0e4dabc8367db5b665c93914de",
                "sha256:a7a94c03386bb95456b12c66026b3a87d1b965f0f1e5733c36e7229f8f137747",
                "sha256:ab0f21c4818d46a60ca789ebc92327d6d874d3b7ccff3963f7af0a21dc6cff52",
                "sha256:bb71211414dd1eeb8d31ec529fe77cff04bf53efc783a5f6f0a32d84923f45cf",
                "sha256:bf21ebf023ec67335258e0f3d3ad7b91bb9507985ba2b2206346de488267cad0",
                "sha256:bfc3980b4ba6f97138b04f0d32e8af21d6c9fa1f8e6e140c07d15690a0a99279",
                "sha256:c2232d4625c558f2aa001942cac1d7952aa9f0dbfc212f63bc754277769e1ef2",
                "sha256:ccddb9419ab4e1c48742457d0c0362dbdaeb9b28e6875115abfe319b29ee225d",
                "sha256:d20dea7b83651d93b1eb2f353511fe7fd554752844523f17ad30115d8b9c8cd6",
                "sha256:e56ac8a8237ad4adec97c0cd4728596885f908053ab725e22900b5902e7f8e69",
                "sha256:eb4b2fdf88af4fb1cc569781a8f933d2a73ee82cd720e0cb4edabbaecf2a905b",
                "sha256:eca01eb112a39d31cc4abb93a5aef2a81514c23f70956729f42fb83b11b3483f",
                "sha256:fca608d199ffed4903dce1bcd97ad0fe8260f405c1c225bdf0002709132171c2",
                "sha256:fddcacf695581a8d856654bc4c8cfb73d5c9df26d5f55201722d3e6a699e9629"
            ],
            "version": "==0.27.0"
        },
        "databases": {
            "extras": [
                "postgresql"
            ],
            "hashes": [
                "sha256:cf5da4b8a3e3cd038c459529725ebb64931cbbb7a091102664f20ef8f6cefd0d",
                "sha256:ea2d419d3d2eb80595b7ceb8f282056f080af62efe2fb9bcd83562f93ec4b674"
            ],
            "index": "pypi",
            "version": "==0.7.0"
        },
        "psycopg-binary": {
            "hashes": [
                "sha256:064502d191d7bc32a48670cc605ce49abcdb5e01e2697ee3fe546cff330fb8ae",
                "sha256:0cc5d5a9b0acbf38e0b4de1c701d235f0cb750ef3de528dedfdbab1a367f2396",
                "sha256:0fe6205af5f63ee6e4816b267bf06add5934a259cddcf7dfdfc8ed738f5127b2",
                "sha256:10b8f1f96f5e8f02a60ba76dab315d3e71cb76c18ff49aa18bbf48a8089c3202",
                "sha256:1425c2cc4cfd4778d9dee578541f11546a93fc2f5c558a0411c94026a1cf94c7",
                "sha256:17d187743d8ca63d24fa724bfee76e50b6473f1fef998cebcd35348b0d5936de",
                "sha256:251d2e6dca112dd359c029f422a025d75e78f2f2af4a2aceff506fdc5120f5f9",
                "sha256:29a38b48cbec8484d83efea4d1d0707e49a3c51a2273cfbaa3d9ba280d3df7d9",
                "sha256:2c3d268cf2dbb79e52a555c2e7b26c6df2d014f3fb918d512ffc25ecc9c54582",
                "sha256:2d5ae85c6037e45862e304d39ec24a24ddebc7d2b5b3601155dddc07c19c0cdc",
                "sha256:2e7a7b41eba96c7b9648efee57298f1aa0d96e081dea76489f52113536981712",
                "sha256:32f2563db6e44372f593a76c94452ce476306e0fb508e092f3fab4d9091a9974",
                "sha256:33ecf37c6348232073ea62b0630655479021f855635f72b4170693032993cdaf",
                "sha256:37212244817b3cc7193ee4b5d60765c020ead5e53589c935d249bfb96452878b",
                "sha256:3762e73b6743139c5258d8b3a294edb309c691ba4f172c9f272315501390e7c2",
                "sha256:37df8714837d2c701ba4c54462a189b95d1a4439d4d147fb71018560e9a60547",
                "sha256:4325cee1641c25719bcf063f7683e909cb8cc9932ace3f8bf20ce112e47ce743",
                "sha256:478ecbb774398e5df6ee365a4d0a77f382a65f140e76720909804255c7801d4a",
                "sha256:574c8b7b51e8d5c06f27125fc218d1328c018c0c1ad8f1202033aa6897b8ee99",
                "sha256:58cb0d007768dbccb67783baacf1c4016c7be8a494339a514321edee3d3b787a",
                "sha256:59d8dbea1bc3dbbc819c0320cb2b641dc362389b096098c62172f49605f58284",
                "sha256:5f8400d400f64f659a897d1ef67212012524cc44882bd24387515df9bb723364",
                "sha256:5fd8492931865cc7181169b2dbf472377a5b5808f001e73f5c25b05bb61e9622",
                "sha256:60b22dd46e4e4f678379cf3388468171c2ecea74e90b1332d173ffa8cd83315f",
                "sha256:61a1ccef7e0bf6128a7818c9d22cc850cf7649cee9541e82e4a8c080a734024d",
                "sha256:73747e6a5dfb05500ff3857f9b9ee50e4f4f663250454d773b98d818545f10fa",
                "sha256:811d870ca9e97875db92f9b346492c4fa7a9edd74dce3604015dd13389fef46a",
                "sha256:858a794c2d5e984627503581f03cc68cef97ee080993b7b6a0b7b30cb4fac107",
                "sha256:8602836138bc209aa5f9821c8e8439466f151c3ec4fcdbc740697e49cff1b920",
                "sha256:87973d064a72bc2716309381b713f49f57c48100fb1f046943b780a04bc011f6",
                "sha256:8a0f425171e95379f1fe93b41d67c6dfe85b6b635944facf07ca26ff7fa8ab1d",
                "sha256:8bb9f577a09e799322008e574a1671c5b2645e990f954be2b7dae669e3779750",
                "sha256:94f9e7ccbfdba1c4f5de80b615187eb47a351ab64a9123d87aea4bf347c1e1d8",
                "sha256:9ac81e68262b03163ca977f34448b4cadbc49db929146406b4706fe2141d76d1",
                "sha256:9cf94411f5a9064cf4ab1066976a7bce44f970f9603a01585c1040465eb312f9",
                "sha256:a161785b1c8e26cd8e8d5436fa39ba2a8af590c17f1741aae11f8076a08485e6",
                "sha256:a1f052642a54eda53786fa8b72fca2e48ceaf0fc2f3e8709c87694fd7c45ac50",
                "sha256:a8fee8d846f9614331bd764850b4c1363730d36e88e14aa28ec4639318fd2093",
                "sha256:a978d2bea09265eb6ebcd1b8a3aa05ea4118aa4013cb9669e12a8656975385cd",
                "sha256:b36fcc67d8b23935ee871a6331c9631ecfdb11452a64f34b8ecb9642de43aec8",
                "sha256:b40b56c5b3ffa8481f7bebb08473602ddb8e2e86ba25bf9261ba428eb7887175",
                "sha256:b4d1a4ea2ca20f0bc944bc28e4addb80e6a22ac60a85fc7035e57c88e96f3a18",
                "sha256:bf59e1d06f420930fc4c16a42ed6476c60c83976c82e53012dbca45f009d5978",
                "sha256:c1a2209ef4df25f4ed8d91924bd4d9c7028d254e61216366c4b894c8a6ea4f88",
                "sha256:c27be5ddf4a05146ae7fb8429e9367dad0dc278a7d0e2f5094dd533195c4f8a1",
                "sha256:cb3013b76cbab4a903f3b9c87f4518335627cb05fd89f9e04520c1743c2b919b",
                "sha256:db84eaa9e2d13e37a97dcd39d2fe78e0a3052c9aa67b5f0b4f3d346a155f4d21",
                "sha256:e3dc783eedde10f966039ecc5f96f7df25c288ea4f6795d28b990f312c33ff09",
                "sha256:e68e8b8077cd45dd2683fcd9a384e7672b400e26c0c7d04dac0cf0763c12be78",
                "sha256:f32684b4fc3863190c4b9c141342b2cbdb81632731b9c68e6946d772ba0560f2",
                "sha256:f45766ce8e74eb456d8672116e936391e67290c50fd0cc1b41876b61261869b6",
                "sha256:f99806a5b9a5ba5cb5f46a0fa0440cd721556e0af09a7cadcc39e27ae9b1807e",
                "sha256:fa8ca48a35be0f9880ed2093c213f07d318fa9389a2b9194196c239e41a77841",
                "sha256:fbfc9ae4edfb76c14d09bd70d6f399eb935008bbb3bc4cd6a4ab76645ba3443e"
            ],
            "index": "pypi",
            "version": "==3.1.8"
        },
        "sqlalchemy": {
            "hashes": [
                "sha256:07e48cbcdda6b8bc7a59d6728bd3f5f574ffe03f2c9fb384239f3789c2d95c2e",
                "sha256:18cafdb27834fa03569d29f571df7115812a0e59fd6a3a03ccb0d33678ec8420",
                "sha256:1b1e5e96e2789d89f023d080bee432e2fef64d95857969e70d3cadec80bd26f0",
                "sha256:315676344e3558f1f80d02535f410e80ea4e8fddba31ec78fe390eff5fb8f466",
                "sha256:31de1e2c45e67a5ec1ecca6ec26aefc299dd5151e355eb5199cd9516b57340be",
                "sha256:3d94682732d1a0def5672471ba42a29ff5e21bb0aae0afa00bb10796fc1e28dd",
                "sha256:3ec187acf85984263299a3f15c34a6c0671f83565d86d10f43ace49881a82718",
                "sha256:4847f4b1d822754e35707db913396a29d874ee77b9c3c3ef3f04d5a9a6209618",
                "sha256:4d112b0f3c1bc5ff70554a97344625ef621c1bfe02a73c5d97cac91f8cd7a41e",
                "sha256:51e1ba2884c6a2b8e19109dc08c71c49530006c1084156ecadfaadf5f9b8b053",
                "sha256:535377e9b10aff5a045e3d9ada8a62d02058b422c0504ebdcf07930599890eb0",
                "sha256:5dbf17ac9a61e7a3f1c7ca47237aac93cabd7f08ad92ac5b96d6f8dea4287fc1",
                "sha256:5f752676fc126edc1c4af0ec2e4d2adca48ddfae5de46bb40adbd3f903eb2120",
                "sha256:64cb0ad8a190bc22d2112001cfecdec45baffdf41871de777239da6a28ed74b6",
                "sha256:6913b8247d8a292ef8315162a51931e2b40ce91681f1b6f18f697045200c4a30",
                "sha256:69fac0a7054d86b997af12dc23f581cf0b25fb1c7d1fed43257dee3af32d3d6d",
                "sha256:7001f16a9a8e06488c3c7154827c48455d1c1507d7228d43e781afbc8ceccf6d",
                "sha256:7b81b1030c42b003fc10ddd17825571603117f848814a344d305262d370e7c34",
                "sha256:7f8267682eb41a0584cf66d8a697fef64b53281d01c93a503e1344197f2e01fe",
                "sha256:887865924c3d6e9a473dc82b70977395301533b3030d0f020c38fd9eba5419f2",
                "sha256:9167d4227b56591a4cc5524f1b79ccd7ea994f36e4c648ab42ca995d28ebbb96",
                "sha256:939f9a018d2ad04036746e15d119c0428b1e557470361aa798e6e7d7f5875be0",
                "sha256:955162ad1a931fe416eded6bb144ba891ccbf9b2e49dc7ded39274dd9c5affc5",
                "sha256:984ee13543a346324319a1fb72b698e521506f6f22dc37d7752a329e9cd00a32",
                "sha256:9883f5fae4fd8e3f875adc2add69f8b945625811689a6c65866a35ee9c0aea23",
                "sha256:a1ad90c97029cc3ab4ffd57443a20fac21d2ec3c89532b084b073b3feb5abff3",
                "sha256:a3714e5b33226131ac0da60d18995a102a17dddd42368b7bdd206737297823ad",
                "sha256:ae067ab639fa499f67ded52f5bc8e084f045d10b5ac7bb928ae4ca2b6c0429a5",
                "sha256:b33ffbdbbf5446cf36cd4cc530c9d9905d3c2fe56ed09e25c22c850cdb9fac92",
                "sha256:b6e4cb5c63f705c9d546a054c60d326cbde7421421e2d2565ce3e2eee4e1a01f",
                "sha256:b7f4b6aa6e87991ec7ce0e769689a977776db6704947e562102431474799a857",
                "sha256:c04144a24103135ea0315d459431ac196fe96f55d3213bfd6d39d0247775c854",
                "sha256:c522e496f9b9b70296a7675272ec21937ccfc15da664b74b9f58d98a641ce1b6",
                "sha256:c5a99282848b6cae0056b85da17392a26b2d39178394fc25700bcf967e06e97a",
                "sha256:c7a46639ba058d320c9f53a81db38119a74b8a7a1884df44d09fbe807d028aaf",
                "sha256:d4b1cc7835b39835c75cf7c20c926b42e97d074147c902a9ebb7cf2c840dc4e2",
                "sha256:d4d164df3d83d204c69f840da30b292ac7dc54285096c6171245b8d7807185aa",
                "sha256:d61e9ecc849d8d44d7f80894ecff4abe347136e9d926560b818f6243409f3c86",
                "sha256:d68e1762997bfebf9e5cf2a9fd0bcf9ca2fdd8136ce7b24bbd3bbfa4328f3e4a",
                "sha256:e3c1808008124850115a3f7e793a975cfa5c8a26ceeeb9ff9cbb4485cac556df",
                "sha256:f8cb80fe8d14307e4124f6fad64dfd87ab749c9d275f82b8b4ec84c84ecebdbe"
            ],
            "index": "pypi",
            "version": "==1.4.46"
        }
    },
    "develop": {}
}
